
Microsoft Visual Studio Solution File, Format Version 12.00
# Visual Studio 15
VisualStudioVersion = 15.0.27004.2005
MinimumVisualStudioVersion = 10.0.40219.1
Project("{FAE04EC0-301F-11D3-BF4B-00C04F79EFBC}") = "CampusManagement", "CampusManagement\CampusManagement.csproj", "{56CBDF66-1BCE-4D2C-AF3F-2E8ACBF9CC48}"
EndProject
Project("{FAE04EC0-301F-11D3-BF4B-00C04F79EFBC}") = "CampusManagement.Tests", "CampusManagement.Tests\CampusManagement.Tests.csproj", "{7CF33ACA-9894-4CFE-926C-009D53FF2491}"
EndProject
Global
	GlobalSection(SolutionConfigurationPlatforms) = preSolution
		Debug|Any CPU = Debug|Any CPU
		Release|Any CPU = Release|Any CPU
	EndGlobalSection
	GlobalSection(ProjectConfigurationPlatforms) = postSolution
		{56CBDF66-1BCE-4D2C-AF3F-2E8ACBF9CC48}.Debug|Any CPU.ActiveCfg = Debug|Any CPU
		{56CBDF66-1BCE-4D2C-AF3F-2E8ACBF9CC48}.Debug|Any CPU.Build.0 = Debug|Any CPU
		{56CBDF66-1BCE-4D2C-AF3F-2E8ACBF9CC48}.Release|Any CPU.ActiveCfg = Release|Any CPU
		{56CBDF66-1BCE-4D2C-AF3F-2E8ACBF9CC48}.Release|Any CPU.Build.0 = Release|Any CPU
		{7CF33ACA-9894-4CFE-926C-009D53FF2491}.Debug|Any CPU.ActiveCfg = Debug|Any CPU
		{7CF33ACA-9894-4CFE-926C-009D53FF2491}.Debug|Any CPU.Build.0 = Debug|Any CPU
		{7CF33ACA-9894-4CFE-926C-009D53FF2491}.Release|Any CPU.ActiveCfg = Release|Any CPU
		{7CF33ACA-9894-4CFE-926C-009D53FF2491}.Release|Any CPU.Build.0 = Release|Any CPU
	EndGlobalSection
	GlobalSection(SolutionProperties) = preSolution
		HideSolutionNode = FALSE
	EndGlobalSection
	GlobalSection(ExtensibilityGlobals) = postSolution
		SolutionGuid = {5323907C-7F7A-4E41-B6DF-65AC0869D42C}
	EndGlobalSection
EndGlobal
